
Microsoft Visual Studio Solution File, Format Version 12.00
# Visual Studio Version 16
VisualStudioVersion = 16.0.29609.76
MinimumVisualStudioVersion = 10.0.40219.1
Project("{2150E333-8FDC-42A3-9474-1A3956D46DE8}") = "src", "src", "{77DE8FBC-95B3-4124-854C-65E68B8EB95F}"
EndProject
Project("{2150E333-8FDC-42A3-9474-1A3956D46DE8}") = "Solution Items", "Solution Items", "{D94BD66A-E715-44D0-AE3C-25D85E81529D}"
	ProjectSection(SolutionItems) = preProject
		README.md = README.md
	EndProjectSection
EndProject
Project("{2150E333-8FDC-42A3-9474-1A3956D46DE8}") = "test", "test", "{4DB1A50B-D4DC-4CE1-AEE5-995E526F6E5A}"
EndProject
Project("{9A19103F-16F7-4668-BE54-9A1E7A4F7556}") = "WebMotions.Fake.Authentication.JwtBearer", "src\WebMotions.Fake.Authentication.JwtBearer\WebMotions.Fake.Authentication.JwtBearer.csproj", "{CC06701D-9669-45A2-BB2A-89C3F1DDEB74}"
EndProject
Project("{9A19103F-16F7-4668-BE54-9A1E7A4F7556}") = "WebMotions.Fake.Authentication.JwtBearer.Tests", "test\WebMotions.Fake.Authentication.JwtBearer.Tests\WebMotions.Fake.Authentication.JwtBearer.Tests.csproj", "{FC64631B-F006-4109-8A1E-A461D15102D3}"
EndProject
Project("{2150E333-8FDC-42A3-9474-1A3956D46DE8}") = "samples", "samples", "{A3F34A9C-7F17-4E30-83A2-A29ED1CE64D6}"
EndProject
Project("{FAE04EC0-301F-11D3-BF4B-00C04F79EFBC}") = "Sample.WebApplication", "samples\Sample.WebApplication\Sample.WebApplication.csproj", "{84C5EA2B-36FD-43E5-A866-A148CBFDC5B7}"
EndProject
Project("{FAE04EC0-301F-11D3-BF4B-00C04F79EFBC}") = "Sample.WebApplication.Tests", "samples\Sample.WebApplication.Tests\Sample.WebApplication.Tests.csproj", "{3592DC90-1CC3-4520-B5D8-304A062A2479}"
EndProject
Global
	GlobalSection(SolutionConfigurationPlatforms) = preSolution
		Debug|Any CPU = Debug|Any CPU
		Pre-release|Any CPU = Pre-release|Any CPU
		Release|Any CPU = Release|Any CPU
	EndGlobalSection
	GlobalSection(ProjectConfigurationPlatforms) = postSolution
		{CC06701D-9669-45A2-BB2A-89C3F1DDEB74}.Debug|Any CPU.ActiveCfg = Debug|Any CPU
		{CC06701D-9669-45A2-BB2A-89C3F1DDEB74}.Debug|Any CPU.Build.0 = Debug|Any CPU
		{CC06701D-9669-45A2-BB2A-89C3F1DDEB74}.Pre-release|Any CPU.ActiveCfg = Debug|Any CPU
		{CC06701D-9669-45A2-BB2A-89C3F1DDEB74}.Pre-release|Any CPU.Build.0 = Debug|Any CPU
		{CC06701D-9669-45A2-BB2A-89C3F1DDEB74}.Release|Any CPU.ActiveCfg = Release|Any CPU
		{CC06701D-9669-45A2-BB2A-89C3F1DDEB74}.Release|Any CPU.Build.0 = Release|Any CPU
		{FC64631B-F006-4109-8A1E-A461D15102D3}.Debug|Any CPU.ActiveCfg = Debug|Any CPU
		{FC64631B-F006-4109-8A1E-A461D15102D3}.Debug|Any CPU.Build.0 = Debug|Any CPU
		{FC64631B-F006-4109-8A1E-A461D15102D3}.Pre-release|Any CPU.ActiveCfg = Release|Any CPU
		{FC64631B-F006-4109-8A1E-A461D15102D3}.Pre-release|Any CPU.Build.0 = Release|Any CPU
		{FC64631B-F006-4109-8A1E-A461D15102D3}.Release|Any CPU.ActiveCfg = Release|Any CPU
		{FC64631B-F006-4109-8A1E-A461D15102D3}.Release|Any CPU.Build.0 = Release|Any CPU
		{84C5EA2B-36FD-43E5-A866-A148CBFDC5B7}.Debug|Any CPU.ActiveCfg = Debug|Any CPU
		{84C5EA2B-36FD-43E5-A866-A148CBFDC5B7}.Debug|Any CPU.Build.0 = Debug|Any CPU
		{84C5EA2B-36FD-43E5-A866-A148CBFDC5B7}.Pre-release|Any CPU.ActiveCfg = Debug|Any CPU
		{84C5EA2B-36FD-43E5-A866-A148CBFDC5B7}.Pre-release|Any CPU.Build.0 = Debug|Any CPU
		{84C5EA2B-36FD-43E5-A866-A148CBFDC5B7}.Release|Any CPU.ActiveCfg = Release|Any CPU
		{84C5EA2B-36FD-43E5-A866-A148CBFDC5B7}.Release|Any CPU.Build.0 = Release|Any CPU
		{3592DC90-1CC3-4520-B5D8-304A062A2479}.Debug|Any CPU.ActiveCfg = Debug|Any CPU
		{3592DC90-1CC3-4520-B5D8-304A062A2479}.Debug|Any CPU.Build.0 = Debug|Any CPU
		{3592DC90-1CC3-4520-B5D8-304A062A2479}.Pre-release|Any CPU.ActiveCfg = Debug|Any CPU
		{3592DC90-1CC3-4520-B5D8-304A062A2479}.Pre-release|Any CPU.Build.0 = Debug|Any CPU
		{3592DC90-1CC3-4520-B5D8-304A062A2479}.Release|Any CPU.ActiveCfg = Release|Any CPU
		{3592DC90-1CC3-4520-B5D8-304A062A2479}.Release|Any CPU.Build.0 = Release|Any CPU
	EndGlobalSection
	GlobalSection(SolutionProperties) = preSolution
		HideSolutionNode = FALSE
	EndGlobalSection
	GlobalSection(NestedProjects) = preSolution
		{CC06701D-9669-45A2-BB2A-89C3F1DDEB74} = {77DE8FBC-95B3-4124-854C-65E68B8EB95F}
		{FC64631B-F006-4109-8A1E-A461D15102D3} = {4DB1A50B-D4DC-4CE1-AEE5-995E526F6E5A}
		{84C5EA2B-36FD-43E5-A866-A148CBFDC5B7} = {A3F34A9C-7F17-4E30-83A2-A29ED1CE64D6}
		{3592DC90-1CC3-4520-B5D8-304A062A2479} = {A3F34A9C-7F17-4E30-83A2-A29ED1CE64D6}
	EndGlobalSection
	GlobalSection(ExtensibilityGlobals) = postSolution
		SolutionGuid = {4E23AEBD-955B-482E-903C-5318B5D82149}
	EndGlobalSection
EndGlobal
